
Microsoft Visual Studio Solution File, Format Version 10.00
# Visual Studio 2008
Project("{8BC9CEB8-8B4A-11D0-8D11-00A0C91BC942}") = "RoadImagePlayer", "RoadImagePlayer.vcproj", "{387B3911-EAFD-408A-96A2-3199E8676F82}"
EndProject
Global
	GlobalSection(SolutionConfigurationPlatforms) = preSolution
		Debug|Win32 = Debug|Win32
		Release|Win32 = Release|Win32
	EndGlobalSection
	GlobalSection(ProjectConfigurationPlatforms) = postSolution
		{387B3911-EAFD-408A-96A2-3199E8676F82}.Debug|Win32.ActiveCfg = Debug|Win32
		{387B3911-EAFD-408A-96A2-3199E8676F82}.Debug|Win32.Build.0 = Debug|Win32
		{387B3911-EAFD-408A-96A2-3199E8676F82}.Release|Win32.ActiveCfg = Release|Win32
		{387B3911-EAFD-408A-96A2-3199E8676F82}.Release|Win32.Build.0 = Release|Win32
	EndGlobalSection
	GlobalSection(SolutionProperties) = preSolution
		HideSolutionNode = FALSE
	EndGlobalSection
EndGlobal
